
Microsoft Visual Studio Solution File, Format Version 12.00
# Visual Studio Version 16
VisualStudioVersion = 16.0.30611.23
MinimumVisualStudioVersion = 10.0.40219.1
Project("{9092AA53-FB77-4645-B42D-1CCCA6BD08BD}") = "mospolyhelper-web-frontend", "mospolyhelper-web-frontend.njsproj", "{9CFE4482-6F0A-4E91-97C6-43AFF9D399CD}"
EndProject
Global
	GlobalSection(SolutionConfigurationPlatforms) = preSolution
		Debug|Any CPU = Debug|Any CPU
		Release|Any CPU = Release|Any CPU
	EndGlobalSection
	GlobalSection(ProjectConfigurationPlatforms) = postSolution
		{9CFE4482-6F0A-4E91-97C6-43AFF9D399CD}.Debug|Any CPU.ActiveCfg = Debug|Any CPU
		{9CFE4482-6F0A-4E91-97C6-43AFF9D399CD}.Debug|Any CPU.Build.0 = Debug|Any CPU
		{9CFE4482-6F0A-4E91-97C6-43AFF9D399CD}.Release|Any CPU.ActiveCfg = Release|Any CPU
		{9CFE4482-6F0A-4E91-97C6-43AFF9D399CD}.Release|Any CPU.Build.0 = Release|Any CPU
	EndGlobalSection
	GlobalSection(SolutionProperties) = preSolution
		HideSolutionNode = FALSE
	EndGlobalSection
	GlobalSection(ExtensibilityGlobals) = postSolution
		SolutionGuid = {8A670418-3669-4624-80F8-C12953F234F7}
	EndGlobalSection
EndGlobal
